{
  "name": "@pe/settings",
  "version": "1.0.0",
  "lockfileVersion": 1,
  "requires": true,
  "dependencies": {
    "ngx-device-detector": {
      "version": "2.0.6",
      "resolved": "https://registry.npmjs.org/ngx-device-detector/-/ngx-device-detector-2.0.6.tgz",
      "integrity": "sha512-ltxY19jYl0GzdU/jSOaa3RVrdA9ER7KTZJA/Milp7DyXhhaSymCB8CttnydAmj8gj3AeMi7j3u2bGsycJbDKnA==",
      "requires": {
        "tslib": "^2.0.0"
      }
    },
    "tslib": {
      "version": "2.2.0",
      "resolved": "https://registry.npmjs.org/tslib/-/tslib-2.2.0.tgz",
      "integrity": "sha512-gS9GVHRU+RGn5KQM2rllAlR3dU6m7AcpJKdtH8gFvQiC4Otgk98XnmMU+nZenHt/+VhnBPWwgrJsyrdcw6i23w=="
    }
  }
}
